
Microsoft Visual Studio Solution File, Format Version 9.00
# Visual C++ Express 2005
Project("{8BC9CEB8-8B4A-11D0-8D11-00A0C91BC942}") = "honCheck", "honCheck.vcproj", "{634C05F4-8D48-4E2D-9316-312C717FA216}"
EndProject
Global
	GlobalSection(SolutionConfigurationPlatforms) = preSolution
		Debug|Win32 = Debug|Win32
		OpenMP|Win32 = OpenMP|Win32
		Release|Win32 = Release|Win32
	EndGlobalSection
	GlobalSection(ProjectConfigurationPlatforms) = postSolution
		{634C05F4-8D48-4E2D-9316-312C717FA216}.Debug|Win32.ActiveCfg = Debug|Win32
		{634C05F4-8D48-4E2D-9316-312C717FA216}.Debug|Win32.Build.0 = Debug|Win32
		{634C05F4-8D48-4E2D-9316-312C717FA216}.OpenMP|Win32.ActiveCfg = OpenMP|Win32
		{634C05F4-8D48-4E2D-9316-312C717FA216}.OpenMP|Win32.Build.0 = OpenMP|Win32
		{634C05F4-8D48-4E2D-9316-312C717FA216}.Release|Win32.ActiveCfg = Release|Win32
		{634C05F4-8D48-4E2D-9316-312C717FA216}.Release|Win32.Build.0 = Release|Win32
	EndGlobalSection
	GlobalSection(SolutionProperties) = preSolution
		HideSolutionNode = FALSE
	EndGlobalSection
EndGlobal
